
Microsoft Visual Studio Solution File, Format Version 12.00
# Visual Studio Version 16
VisualStudioVersion = 16.0.31729.503
MinimumVisualStudioVersion = 10.0.40219.1
Project("{FAE04EC0-301F-11D3-BF4B-00C04F79EFBC}") = "WpfVakantieEindopdracht", "WpfVakantieEindopdracht\WpfVakantieEindopdracht.csproj", "{ED4A544F-4294-4E40-A6BA-48D47F935D67}"
EndProject
Global
	GlobalSection(SolutionConfigurationPlatforms) = preSolution
		Debug|Any CPU = Debug|Any CPU
		Release|Any CPU = Release|Any CPU
	EndGlobalSection
	GlobalSection(ProjectConfigurationPlatforms) = postSolution
		{ED4A544F-4294-4E40-A6BA-48D47F935D67}.Debug|Any CPU.ActiveCfg = Debug|Any CPU
		{ED4A544F-4294-4E40-A6BA-48D47F935D67}.Debug|Any CPU.Build.0 = Debug|Any CPU
		{ED4A544F-4294-4E40-A6BA-48D47F935D67}.Release|Any CPU.ActiveCfg = Release|Any CPU
		{ED4A544F-4294-4E40-A6BA-48D47F935D67}.Release|Any CPU.Build.0 = Release|Any CPU
	EndGlobalSection
	GlobalSection(SolutionProperties) = preSolution
		HideSolutionNode = FALSE
	EndGlobalSection
	GlobalSection(ExtensibilityGlobals) = postSolution
		SolutionGuid = {FC3436DB-ABBE-4124-8D93-E89B5CF8338D}
	EndGlobalSection
EndGlobal
